// !$*UTF8*$!
{
	archiveVersion = 1;
	classes = {
	};
	objectVersion = 46;
	objects = {

/* Begin PBXBuildFile section */
		5506A8281F6E123E00634B4F /* AppDelegate.swift in Sources */ = {isa = PBXBuildFile; fileRef = 5506A8271F6E123E00634B4F /* AppDelegate.swift */; };
		5506A82A1F6E123E00634B4F /* ViewController.swift in Sources */ = {isa = PBXBuildFile; fileRef = 5506A8291F6E123E00634B4F /* ViewController.swift */; };
		5506A82F1F6E123E00634B4F /* Assets.xcassets in Resources */ = {isa = PBXBuildFile; fileRef = 5506A82E1F6E123E00634B4F /* Assets.xcassets */; };
		5506A8321F6E123E00634B4F /* LaunchScreen.storyboard in Resources */ = {isa = PBXBuildFile; fileRef = 5506A8301F6E123E00634B4F /* LaunchScreen.storyboard */; };
		5506A83A1F6E125A00634B4F /* Main.storyboard in Resources */ = {isa = PBXBuildFile; fileRef = 5506A8391F6E125A00634B4F /* Main.storyboard */; };
		5506A83C1F6E134700634B4F /* CameraViewController.swift in Sources */ = {isa = PBXBuildFile; fileRef = 5506A83B1F6E134700634B4F /* CameraViewController.swift */; };
		554553221F739326006DFBCF /* PhotoViewController.swift in Sources */ = {isa = PBXBuildFile; fileRef = 554553211F739326006DFBCF /* PhotoViewController.swift */; };
		554553481F753383006DFBCF /* VerifyViewController.swift in Sources */ = {isa = PBXBuildFile; fileRef = 554553471F753383006DFBCF /* VerifyViewController.swift */; };
		5545534A1F7541A7006DFBCF /* VerifyPhotoViewController.swift in Sources */ = {isa = PBXBuildFile; fileRef = 554553491F7541A7006DFBCF /* VerifyPhotoViewController.swift */; };
		55B91B571F7760DF00AA8EA3 /* SpeechViewController.swift in Sources */ = {isa = PBXBuildFile; fileRef = 55B91B561F7760DF00AA8EA3 /* SpeechViewController.swift */; };
		55B91B5B1F7771C400AA8EA3 /* RecorderViewController.swift in Sources */ = {isa = PBXBuildFile; fileRef = 55B91B5A1F7771C400AA8EA3 /* RecorderViewController.swift */; };
		55B91B5D1F78D92300AA8EA3 /* PlaySpeechViewController.swift in Sources */ = {isa = PBXBuildFile; fileRef = 55B91B5C1F78D92300AA8EA3 /* PlaySpeechViewController.swift */; };
		55BF23791F763E08000E5DCF /* CircleButton.swift in Sources */ = {isa = PBXBuildFile; fileRef = 55BF23781F763E08000E5DCF /* CircleButton.swift */; };
		55CAFDF31F76568D0014BF6C /* Foundation.framework in Frameworks */ = {isa = PBXBuildFile; fileRef = 55CAFDF41F76568D0014BF6C /* Foundation.framework */; settings = {ATTRIBUTES = (Weak, ); }; };
		55EDA5A21F7CCEEE00693E67 /* PopupViewController.swift in Sources */ = {isa = PBXBuildFile; fileRef = 55EDA5A11F7CCEEE00693E67 /* PopupViewController.swift */; };
		55EDA5A41F7CE70C00693E67 /* VerifySuccViewController.swift in Sources */ = {isa = PBXBuildFile; fileRef = 55EDA5A31F7CE70C00693E67 /* VerifySuccViewController.swift */; };
		55EDA5A61F7D029500693E67 /* VerifyUnsuccViewController.swift in Sources */ = {isa = PBXBuildFile; fileRef = 55EDA5A51F7D029500693E67 /* VerifyUnsuccViewController.swift */; };
		7369C694DB4EA6B59A9782E7 /* Pods_FaceIdentification.framework in Frameworks */ = {isa = PBXBuildFile; fileRef = D93BB9713A7EEBCE65E505E4 /* Pods_FaceIdentification.framework */; settings = {ATTRIBUTES = (Required, ); }; };
/* End PBXBuildFile section */

/* Begin PBXFileReference section */
		4CA9C9FEA03051169EC04D8E /* Pods-FaceIdentification.release.xcconfig */ = {isa = PBXFileReference; includeInIndex = 1; lastKnownFileType = text.xcconfig; name = "Pods-FaceIdentification.release.xcconfig"; path = "Pods/Target Support Files/Pods-FaceIdentification/Pods-FaceIdentification.release.xcconfig"; sourceTree = "<group>"; };
		5506A8241F6E123E00634B4F /* FaceIdentification.app */ = {isa = PBXFileReference; explicitFileType = wrapper.application; includeInIndex = 0; path = FaceIdentification.app; sourceTree = BUILT_PRODUCTS_DIR; };
		5506A8271F6E123E00634B4F /* AppDelegate.swift */ = {isa = PBXFileReference; lastKnownFileType = sourcecode.swift; path = AppDelegate.swift; sourceTree = "<group>"; };
		5506A8291F6E123E00634B4F /* ViewController.swift */ = {isa = PBXFileReference; lastKnownFileType = sourcecode.swift; path = ViewController.swift; sourceTree = "<group>"; };
		5506A82E1F6E123E00634B4F /* Assets.xcassets */ = {isa = PBXFileReference; lastKnownFileType = folder.assetcatalog; path = Assets.xcassets; sourceTree = "<group>"; };
		5506A8311F6E123E00634B4F /* Base */ = {isa = PBXFileReference; lastKnownFileType = file.storyboard; name = Base; path = Base.lproj/LaunchScreen.storyboard; sourceTree = "<group>"; };
		5506A8331F6E123E00634B4F /* Info.plist */ = {isa = PBXFileReference; lastKnownFileType = text.plist.xml; path = Info.plist; sourceTree = "<group>"; };
		5506A8391F6E125A00634B4F /* Main.storyboard */ = {isa = PBXFileReference; fileEncoding = 4; lastKnownFileType = file.storyboard; path = Main.storyboard; sourceTree = "<group>"; };
		5506A83B1F6E134700634B4F /* CameraViewController.swift */ = {isa = PBXFileReference; fileEncoding = 4; lastKnownFileType = sourcecode.swift; path = CameraViewController.swift; sourceTree = "<group>"; };
		554553211F739326006DFBCF /* PhotoViewController.swift */ = {isa = PBXFileReference; fileEncoding = 4; lastKnownFileType = sourcecode.swift; path = PhotoViewController.swift; sourceTree = "<group>"; };
		554553471F753383006DFBCF /* VerifyViewController.swift */ = {isa = PBXFileReference; fileEncoding = 4; lastKnownFileType = sourcecode.swift; path = VerifyViewController.swift; sourceTree = "<group>"; };
		554553491F7541A7006DFBCF /* VerifyPhotoViewController.swift */ = {isa = PBXFileReference; fileEncoding = 4; lastKnownFileType = sourcecode.swift; path = VerifyPhotoViewController.swift; sourceTree = "<group>"; };
		55B91B561F7760DF00AA8EA3 /* SpeechViewController.swift */ = {isa = PBXFileReference; lastKnownFileType = sourcecode.swift; path = SpeechViewController.swift; sourceTree = "<group>"; };
		55B91B591F776CEB00AA8EA3 /* test.m4a */ = {isa = PBXFileReference; lastKnownFileType = file; path = test.m4a; sourceTree = "<group>"; };
		55B91B5A1F7771C400AA8EA3 /* RecorderViewController.swift */ = {isa = PBXFileReference; lastKnownFileType = sourcecode.swift; path = RecorderViewController.swift; sourceTree = "<group>"; };
		55B91B5C1F78D92300AA8EA3 /* PlaySpeechViewController.swift */ = {isa = PBXFileReference; lastKnownFileType = sourcecode.swift; path = PlaySpeechViewController.swift; sourceTree = "<group>"; };
		55BF23781F763E08000E5DCF /* CircleButton.swift */ = {isa = PBXFileReference; fileEncoding = 4; lastKnownFileType = sourcecode.swift; path = CircleButton.swift; sourceTree = "<group>"; };
		55CAFDF41F76568D0014BF6C /* Foundation.framework */ = {isa = PBXFileReference; lastKnownFileType = wrapper.framework; name = Foundation.framework; path = Platforms/iPhoneOS.platform/Developer/SDKs/iPhoneOS10.3.sdk/System/Library/Frameworks/Foundation.framework; sourceTree = DEVELOPER_DIR; };
		55EDA5A11F7CCEEE00693E67 /* PopupViewController.swift */ = {isa = PBXFileReference; lastKnownFileType = sourcecode.swift; path = PopupViewController.swift; sourceTree = "<group>"; };
		55EDA5A31F7CE70C00693E67 /* VerifySuccViewController.swift */ = {isa = PBXFileReference; lastKnownFileType = sourcecode.swift; path = VerifySuccViewController.swift; sourceTree = "<group>"; };
		55EDA5A51F7D029500693E67 /* VerifyUnsuccViewController.swift */ = {isa = PBXFileReference; lastKnownFileType = sourcecode.swift; path = VerifyUnsuccViewController.swift; sourceTree = "<group>"; };
		6EB70F5033156CFC3F6229A5 /* Pods-FaceIdentification.debug.xcconfig */ = {isa = PBXFileReference; includeInIndex = 1; lastKnownFileType = text.xcconfig; name = "Pods-FaceIdentification.debug.xcconfig"; path = "Pods/Target Support Files/Pods-FaceIdentification/Pods-FaceIdentification.debug.xcconfig"; sourceTree = "<group>"; };
		D93BB9713A7EEBCE65E505E4 /* Pods_FaceIdentification.framework */ = {isa = PBXFileReference; explicitFileType = wrapper.framework; includeInIndex = 0; path = Pods_FaceIdentification.framework; sourceTree = BUILT_PRODUCTS_DIR; };
/* End PBXFileReference section */

/* Begin PBXFrameworksBuildPhase section */
		5506A8211F6E123E00634B4F /* Frameworks */ = {
			isa = PBXFrameworksBuildPhase;
			buildActionMask = 2147483647;
			files = (
				7369C694DB4EA6B59A9782E7 /* Pods_FaceIdentification.framework in Frameworks */,
				55CAFDF31F76568D0014BF6C /* Foundation.framework in Frameworks */,
			);
			runOnlyForDeploymentPostprocessing = 0;
		};
/* End PBXFrameworksBuildPhase section */

/* Begin PBXGroup section */
		18EE03117F58C072FB0E53B3 /* Pods */ = {
			isa = PBXGroup;
			children = (
				6EB70F5033156CFC3F6229A5 /* Pods-FaceIdentification.debug.xcconfig */,
				4CA9C9FEA03051169EC04D8E /* Pods-FaceIdentification.release.xcconfig */,
			);
			name = Pods;
			sourceTree = "<group>";
		};
		45953D0AB4660C78084F6BD7 /* Frameworks */ = {
			isa = PBXGroup;
			children = (
				D93BB9713A7EEBCE65E505E4 /* Pods_FaceIdentification.framework */,
				55CAFDF41F76568D0014BF6C /* Foundation.framework */,
			);
			name = Frameworks;
			sourceTree = "<group>";
		};
		5506A81B1F6E123E00634B4F = {
			isa = PBXGroup;
			children = (
				5506A8261F6E123E00634B4F /* FaceIdentification */,
				5506A8251F6E123E00634B4F /* Products */,
				18EE03117F58C072FB0E53B3 /* Pods */,
				45953D0AB4660C78084F6BD7 /* Frameworks */,
			);
			sourceTree = "<group>";
		};
		5506A8251F6E123E00634B4F /* Products */ = {
			isa = PBXGroup;
			children = (
				5506A8241F6E123E00634B4F /* FaceIdentification.app */,
			);
			name = Products;
			sourceTree = "<group>";
		};
		5506A8261F6E123E00634B4F /* FaceIdentification */ = {
			isa = PBXGroup;
			children = (
				55B91B591F776CEB00AA8EA3 /* test.m4a */,
				55BF23771F763DB7000E5DCF /* SpeechRecognition */,
				5506A8271F6E123E00634B4F /* AppDelegate.swift */,
				5506A8291F6E123E00634B4F /* ViewController.swift */,
				5506A82E1F6E123E00634B4F /* Assets.xcassets */,
				5506A8301F6E123E00634B4F /* LaunchScreen.storyboard */,
				5506A8331F6E123E00634B4F /* Info.plist */,
				5506A8391F6E125A00634B4F /* Main.storyboard */,
				5506A83B1F6E134700634B4F /* CameraViewController.swift */,
				554553211F739326006DFBCF /* PhotoViewController.swift */,
				554553471F753383006DFBCF /* VerifyViewController.swift */,
				554553491F7541A7006DFBCF /* VerifyPhotoViewController.swift */,
				55EDA5A11F7CCEEE00693E67 /* PopupViewController.swift */,
				55EDA5A31F7CE70C00693E67 /* VerifySuccViewController.swift */,
				55EDA5A51F7D029500693E67 /* VerifyUnsuccViewController.swift */,
			);
			path = FaceIdentification;
			sourceTree = "<group>";
		};
		55BF23771F763DB7000E5DCF /* SpeechRecognition */ = {
			isa = PBXGroup;
			children = (
				55BF23781F763E08000E5DCF /* CircleButton.swift */,
				55B91B561F7760DF00AA8EA3 /* SpeechViewController.swift */,
				55B91B5A1F7771C400AA8EA3 /* RecorderViewController.swift */,
				55B91B5C1F78D92300AA8EA3 /* PlaySpeechViewController.swift */,
			);
			name = SpeechRecognition;
			sourceTree = "<group>";
		};
/* End PBXGroup section */

/* Begin PBXNativeTarget section */
		5506A8231F6E123E00634B4F /* FaceIdentification */ = {
			isa = PBXNativeTarget;
			buildConfigurationList = 5506A8361F6E123E00634B4F /* Build configuration list for PBXNativeTarget "FaceIdentification" */;
			buildPhases = (
				C4881E1E9242D378F8B1EAD2 /* [CP] Check Pods Manifest.lock */,
				5506A8201F6E123E00634B4F /* Sources */,
				5506A8211F6E123E00634B4F /* Frameworks */,
				5506A8221F6E123E00634B4F /* Resources */,
				ADF39696663EE72B50DEFA14 /* [CP] Embed Pods Frameworks */,
				6E4DAAF4F9952E29367ED5EC /* [CP] Copy Pods Resources */,
			);
			buildRules = (
			);
			dependencies = (
			);
			name = FaceIdentification;
			productName = FaceIdentification;
			productReference = 5506A8241F6E123E00634B4F /* FaceIdentification.app */;
			productType = "com.apple.product-type.application";
		};
/* End PBXNativeTarget section */

/* Begin PBXProject section */
		5506A81C1F6E123E00634B4F /* Project object */ = {
			isa = PBXProject;
			attributes = {
				LastSwiftUpdateCheck = 0830;
				LastUpgradeCheck = 0830;
				ORGANIZATIONNAME = MelbUni;
				TargetAttributes = {
					5506A8231F6E123E00634B4F = {
						CreatedOnToolsVersion = 8.3.3;
						DevelopmentTeam = 5848RL6AGD;
						ProvisioningStyle = Automatic;
					};
				};
			};
			buildConfigurationList = 5506A81F1F6E123E00634B4F /* Build configuration list for PBXProject "FaceIdentification" */;
			compatibilityVersion = "Xcode 3.2";
			developmentRegion = English;
			hasScannedForEncodings = 0;
			knownRegions = (
				en,
				Base,
			);
			mainGroup = 5506A81B1F6E123E00634B4F;
			productRefGroup = 5506A8251F6E123E00634B4F /* Products */;
			projectDirPath = "";
			projectRoot = "";
			targets = (
				5506A8231F6E123E00634B4F /* FaceIdentification */,
			);
		};
/* End PBXProject section */

/* Begin PBXResourcesBuildPhase section */
		5506A8221F6E123E00634B4F /* Resources */ = {
			isa = PBXResourcesBuildPhase;
			buildActionMask = 2147483647;
			files = (
				5506A8321F6E123E00634B4F /* LaunchScreen.storyboard in Resources */,
				5506A83A1F6E125A00634B4F /* Main.storyboard in Resources */,
				5506A82F1F6E123E00634B4F /* Assets.xcassets in Resources */,
			);
			runOnlyForDeploymentPostprocessing = 0;
		};
/* End PBXResourcesBuildPhase section */

/* Begin PBXShellScriptBuildPhase section */
		6E4DAAF4F9952E29367ED5EC /* [CP] Copy Pods Resources */ = {
			isa = PBXShellScriptBuildPhase;
			buildActionMask = 2147483647;
			files = (
			);
			inputPaths = (
			);
			name = "[CP] Copy Pods Resources";
			outputPaths = (
			);
			runOnlyForDeploymentPostprocessing = 0;
			shellPath = /bin/sh;
			shellScript = "\"${SRCROOT}/Pods/Target Support Files/Pods-FaceIdentification/Pods-FaceIdentification-resources.sh\"\n";
			showEnvVarsInLog = 0;
		};
		ADF39696663EE72B50DEFA14 /* [CP] Embed Pods Frameworks */ = {
			isa = PBXShellScriptBuildPhase;
			buildActionMask = 2147483647;
			files = (
			);
			inputPaths = (
				"${SRCROOT}/Pods/Target Support Files/Pods-FaceIdentification/Pods-FaceIdentification-frameworks.sh",
				"${BUILT_PRODUCTS_DIR}/AZSClient/AZSClient.framework",
				"${BUILT_PRODUCTS_DIR}/MicrosoftAzureMobile/MicrosoftAzureMobile.framework",
				"${BUILT_PRODUCTS_DIR}/ProjectOxfordFace/ProjectOxfordFace.framework",
			);
			name = "[CP] Embed Pods Frameworks";
			outputPaths = (
				"${TARGET_BUILD_DIR}/${FRAMEWORKS_FOLDER_PATH}/AZSClient.framework",
				"${TARGET_BUILD_DIR}/${FRAMEWORKS_FOLDER_PATH}/MicrosoftAzureMobile.framework",
				"${TARGET_BUILD_DIR}/${FRAMEWORKS_FOLDER_PATH}/ProjectOxfordFace.framework",
			);
			runOnlyForDeploymentPostprocessing = 0;
			shellPath = /bin/sh;
			shellScript = "\"${SRCROOT}/Pods/Target Support Files/Pods-FaceIdentification/Pods-FaceIdentification-frameworks.sh\"\n";
			showEnvVarsInLog = 0;
		};
		C4881E1E9242D378F8B1EAD2 /* [CP] Check Pods Manifest.lock */ = {
			isa = PBXShellScriptBuildPhase;
			buildActionMask = 2147483647;
			files = (
			);
			inputPaths = (
				"${PODS_PODFILE_DIR_PATH}/Podfile.lock",
				"${PODS_ROOT}/Manifest.lock",
			);
			name = "[CP] Check Pods Manifest.lock";
			outputPaths = (
				"$(DERIVED_FILE_DIR)/Pods-FaceIdentification-checkManifestLockResult.txt",
			);
			runOnlyForDeploymentPostprocessing = 0;
			shellPath = /bin/sh;
			shellScript = "diff \"${PODS_PODFILE_DIR_PATH}/Podfile.lock\" \"${PODS_ROOT}/Manifest.lock\" > /dev/null\nif [ $? != 0 ] ; then\n    # print error to STDERR\n    echo \"error: The sandbox is not in sync with the Podfile.lock. Run 'pod install' or update your CocoaPods installation.\" >&2\n    exit 1\nfi\n# This output is used by Xcode 'outputs' to avoid re-running this script phase.\necho \"SUCCESS\" > \"${SCRIPT_OUTPUT_FILE_0}\"\n";
			showEnvVarsInLog = 0;
		};
/* End PBXShellScriptBuildPhase section */

/* Begin PBXSourcesBuildPhase section */
		5506A8201F6E123E00634B4F /* Sources */ = {
			isa = PBXSourcesBuildPhase;
			buildActionMask = 2147483647;
			files = (
				55EDA5A21F7CCEEE00693E67 /* PopupViewController.swift in Sources */,
				55BF23791F763E08000E5DCF /* CircleButton.swift in Sources */,
				5506A82A1F6E123E00634B4F /* ViewController.swift in Sources */,
				55EDA5A61F7D029500693E67 /* VerifyUnsuccViewController.swift in Sources */,
				55B91B5D1F78D92300AA8EA3 /* PlaySpeechViewController.swift in Sources */,
				554553221F739326006DFBCF /* PhotoViewController.swift in Sources */,
				5506A8281F6E123E00634B4F /* AppDelegate.swift in Sources */,
				55B91B5B1F7771C400AA8EA3 /* RecorderViewController.swift in Sources */,
				55B91B571F7760DF00AA8EA3 /* SpeechViewController.swift in Sources */,
				554553481F753383006DFBCF /* VerifyViewController.swift in Sources */,
				5545534A1F7541A7006DFBCF /* VerifyPhotoViewController.swift in Sources */,
				5506A83C1F6E134700634B4F /* CameraViewController.swift in Sources */,
				55EDA5A41F7CE70C00693E67 /* VerifySuccViewController.swift in Sources */,
			);
			runOnlyForDeploymentPostprocessing = 0;
		};
/* End PBXSourcesBuildPhase section */

/* Begin PBXVariantGroup section */
		5506A8301F6E123E00634B4F /* LaunchScreen.storyboard */ = {
			isa = PBXVariantGroup;
			children = (
				5506A8311F6E123E00634B4F /* Base */,
			);
			name = LaunchScreen.storyboard;
			sourceTree = "<group>";
		};
/* End PBXVariantGroup section */

/* Begin XCBuildConfiguration section */
		5506A8341F6E123E00634B4F /* Debug */ = {
			isa = XCBuildConfiguration;
			buildSettings = {
				ALWAYS_SEARCH_USER_PATHS = NO;
				ARCHS = "$(ARCHS_STANDARD)";
				CLANG_ANALYZER_NONNULL = YES;
				CLANG_ANALYZER_NUMBER_OBJECT_CONVERSION = YES_AGGRESSIVE;
				CLANG_CXX_LANGUAGE_STANDARD = "gnu++0x";
				CLANG_CXX_LIBRARY = "libc++";
				CLANG_ENABLE_MODULES = YES;
				CLANG_ENABLE_OBJC_ARC = YES;
				CLANG_WARN_BOOL_CONVERSION = YES;
				CLANG_WARN_CONSTANT_CONVERSION = YES;
				CLANG_WARN_DIRECT_OBJC_ISA_USAGE = YES_ERROR;
				CLANG_WARN_DOCUMENTATION_COMMENTS = YES;
				CLANG_WARN_EMPTY_BODY = YES;
				CLANG_WARN_ENUM_CONVERSION = YES;
				CLANG_WARN_INFINITE_RECURSION = YES;
				CLANG_WARN_INT_CONVERSION = YES;
				CLANG_WARN_OBJC_ROOT_CLASS = YES_ERROR;
				CLANG_WARN_SUSPICIOUS_MOVE = YES;
				CLANG_WARN_UNREACHABLE_CODE = YES;
				CLANG_WARN__DUPLICATE_METHOD_MATCH = YES;
				"CODE_SIGN_IDENTITY[sdk=iphoneos*]" = "iPhone Developer";
				COPY_PHASE_STRIP = NO;
				DEBUG_INFORMATION_FORMAT = dwarf;
				ENABLE_BITCODE = NO;
				ENABLE_STRICT_OBJC_MSGSEND = YES;
				ENABLE_TESTABILITY = YES;
				GCC_C_LANGUAGE_STANDARD = gnu99;
				GCC_DYNAMIC_NO_PIC = NO;
				GCC_NO_COMMON_BLOCKS = YES;
				GCC_OPTIMIZATION_LEVEL = 0;
				GCC_PREPROCESSOR_DEFINITIONS = (
					"DEBUG=1",
					"$(inherited)",
				);
				GCC_WARN_64_TO_32_BIT_CONVERSION = YES;
				GCC_WARN_ABOUT_RETURN_TYPE = YES_ERROR;
				GCC_WARN_UNDECLARED_SELECTOR = YES;
				GCC_WARN_UNINITIALIZED_AUTOS = YES_AGGRESSIVE;
				GCC_WARN_UNUSED_FUNCTION = YES;
				GCC_WARN_UNUSED_VARIABLE = YES;
				IPHONEOS_DEPLOYMENT_TARGET = 11.0;
				MTL_ENABLE_DEBUG_INFO = YES;
				ONLY_ACTIVE_ARCH = YES;
				OTHER_LDFLAGS = "$(inherited)";
				SDKROOT = iphoneos;
				SWIFT_ACTIVE_COMPILATION_CONDITIONS = DEBUG;
				SWIFT_OPTIMIZATION_LEVEL = "-Onone";
				TARGETED_DEVICE_FAMILY = "1,2";
				VALID_ARCHS = "arm64 armv7 armv7s";
			};
			name = Debug;
		};
		5506A8351F6E123E00634B4F /* Release */ = {
			isa = XCBuildConfiguration;
			buildSettings = {
				ALWAYS_SEARCH_USER_PATHS = NO;
				ARCHS = "$(ARCHS_STANDARD)";
				CLANG_ANALYZER_NONNULL = YES;
				CLANG_ANALYZER_NUMBER_OBJECT_CONVERSION = YES_AGGRESSIVE;
				CLANG_CXX_LANGUAGE_STANDARD = "gnu++0x";
				CLANG_CXX_LIBRARY = "libc++";
				CLANG_ENABLE_MODULES = YES;
				CLANG_ENABLE_OBJC_ARC = YES;
				CLANG_WARN_BOOL_CONVERSION = YES;
				CLANG_WARN_CONSTANT_CONVERSION = YES;
				CLANG_WARN_DIRECT_OBJC_ISA_USAGE = YES_ERROR;
				CLANG_WARN_DOCUMENTATION_COMMENTS = YES;
				CLANG_WARN_EMPTY_BODY = YES;
				CLANG_WARN_ENUM_CONVERSION = YES;
				CLANG_WARN_INFINITE_RECURSION = YES;
				CLANG_WARN_INT_CONVERSION = YES;
				CLANG_WARN_OBJC_ROOT_CLASS = YES_ERROR;
				CLANG_WARN_SUSPICIOUS_MOVE = YES;
				CLANG_WARN_UNREACHABLE_CODE = YES;
				CLANG_WARN__DUPLICATE_METHOD_MATCH = YES;
				"CODE_SIGN_IDENTITY[sdk=iphoneos*]" = "iPhone Developer";
				COPY_PHASE_STRIP = NO;
				DEBUG_INFORMATION_FORMAT = "dwarf-with-dsym";
				ENABLE_BITCODE = NO;
				ENABLE_NS_ASSERTIONS = NO;
				ENABLE_STRICT_OBJC_MSGSEND = YES;
				GCC_C_LANGUAGE_STANDARD = gnu99;
				GCC_NO_COMMON_BLOCKS = YES;
				GCC_WARN_64_TO_32_BIT_CONVERSION = YES;
				GCC_WARN_ABOUT_RETURN_TYPE = YES_ERROR;
				GCC_WARN_UNDECLARED_SELECTOR = YES;
				GCC_WARN_UNINITIALIZED_AUTOS = YES_AGGRESSIVE;
				GCC_WARN_UNUSED_FUNCTION = YES;
				GCC_WARN_UNUSED_VARIABLE = YES;
				IPHONEOS_DEPLOYMENT_TARGET = 11.0;
				MTL_ENABLE_DEBUG_INFO = NO;
				ONLY_ACTIVE_ARCH = NO;
				OTHER_LDFLAGS = "$(inherited)";
				SDKROOT = iphoneos;
				SWIFT_OPTIMIZATION_LEVEL = "-Owholemodule";
				TARGETED_DEVICE_FAMILY = "1,2";
				VALIDATE_PRODUCT = YES;
				VALID_ARCHS = "arm64 armv7 armv7s";
			};
			name = Release;
		};
		5506A8371F6E123E00634B4F /* Debug */ = {
			isa = XCBuildConfiguration;
			baseConfigurationReference = 6EB70F5033156CFC3F6229A5 /* Pods-FaceIdentification.debug.xcconfig */;
			buildSettings = {
				ARCHS = "$(ARCHS_STANDARD)";
				ASSETCATALOG_COMPILER_APPICON_NAME = AppIcon;
				DEVELOPMENT_TEAM = 5848RL6AGD;
				ENABLE_BITCODE = NO;
				INFOPLIST_FILE = FaceIdentification/Info.plist;
				LD_RUNPATH_SEARCH_PATHS = "$(inherited) @executable_path/Frameworks";
				LIBRARY_SEARCH_PATHS = "";
				ONLY_ACTIVE_ARCH = YES;
				OTHER_LDFLAGS = "-all_load";
				PRODUCT_BUNDLE_IDENTIFIER = com.MelbUni.625126.FaceIdentification;
				PRODUCT_NAME = "$(TARGET_NAME)";
				SDKROOT = iphoneos;
				SWIFT_OBJC_BRIDGING_HEADER = "Bridging-Header.h";
				SWIFT_VERSION = 3.0;
				VALID_ARCHS = "arm64 armv7 armv7s";
			};
			name = Debug;
		};
		5506A8381F6E123E00634B4F /* Release */ = {
			isa = XCBuildConfiguration;
			baseConfigurationReference = 4CA9C9FEA03051169EC04D8E /* Pods-FaceIdentification.release.xcconfig */;
			buildSettings = {
				ARCHS = "$(ARCHS_STANDARD)";
				ASSETCATALOG_COMPILER_APPICON_NAME = AppIcon;
				DEVELOPMENT_TEAM = 5848RL6AGD;
				ENABLE_BITCODE = NO;
				INFOPLIST_FILE = FaceIdentification/Info.plist;
				LD_RUNPATH_SEARCH_PATHS = "$(inherited) @executable_path/Frameworks";
				LIBRARY_SEARCH_PATHS = "";
				ONLY_ACTIVE_ARCH = NO;
				OTHER_LDFLAGS = "-all_load";
				PRODUCT_BUNDLE_IDENTIFIER = com.MelbUni.625126.FaceIdentification;
				PRODUCT_NAME = "$(TARGET_NAME)";
				SDKROOT = iphoneos;
				SWIFT_OBJC_BRIDGING_HEADER = "Bridging-Header.h";
				SWIFT_VERSION = 3.0;
				VALID_ARCHS = "arm64 armv7 armv7s";
			};
			name = Release;
		};
/* End XCBuildConfiguration section */

/* Begin XCConfigurationList section */
		5506A81F1F6E123E00634B4F /* Build configuration list for PBXProject "FaceIdentification" */ = {
			isa = XCConfigurationList;
			buildConfigurations = (
				5506A8341F6E123E00634B4F /* Debug */,
				5506A8351F6E123E00634B4F /* Release */,
			);
			defaultConfigurationIsVisible = 0;
			defaultConfigurationName = Release;
		};
		5506A8361F6E123E00634B4F /* Build configuration list for PBXNativeTarget "FaceIdentification" */ = {
			isa = XCConfigurationList;
			buildConfigurations = (
				5506A8371F6E123E00634B4F /* Debug */,
				5506A8381F6E123E00634B4F /* Release */,
			);
			defaultConfigurationIsVisible = 0;
			defaultConfigurationName = Release;
		};
/* End XCConfigurationList section */
	};
	rootObject = 5506A81C1F6E123E00634B4F /* Project object */;
}
