// !$*UTF8*$!
{
	archiveVersion = 1;
	classes = {
	};
	objectVersion = 46;
	objects = {

/* Begin PBXBuildFile section */
		558EA7A41F83627400C3CC07 /* PhotoViewController.swift in Sources */ = {isa = PBXBuildFile; fileRef = 558EA7A31F83627400C3CC07 /* PhotoViewController.swift */; };
		558EA7A61F83643500C3CC07 /* PopupViewController.swift in Sources */ = {isa = PBXBuildFile; fileRef = 558EA7A51F83643500C3CC07 /* PopupViewController.swift */; };
		558EA7A81F836CE300C3CC07 /* CameraViewController.swift in Sources */ = {isa = PBXBuildFile; fileRef = 558EA7A71F836CE300C3CC07 /* CameraViewController.swift */; };
		558EA7AA1F83934F00C3CC07 /* VerifyViewController.swift in Sources */ = {isa = PBXBuildFile; fileRef = 558EA7A91F83934F00C3CC07 /* VerifyViewController.swift */; };
		558EA7AD1F83A07D00C3CC07 /* RecorderViewController.swift in Sources */ = {isa = PBXBuildFile; fileRef = 558EA7AC1F83A07D00C3CC07 /* RecorderViewController.swift */; };
		558EA7AF1F83A8DF00C3CC07 /* SecondRecordViewController.swift in Sources */ = {isa = PBXBuildFile; fileRef = 558EA7AE1F83A8DF00C3CC07 /* SecondRecordViewController.swift */; };
		558EA7B11F85D45700C3CC07 /* SpeechViewController.swift in Sources */ = {isa = PBXBuildFile; fileRef = 558EA7B01F85D45700C3CC07 /* SpeechViewController.swift */; };
		558EA7B31F85D8C800C3CC07 /* SecondSpeechViewController.swift in Sources */ = {isa = PBXBuildFile; fileRef = 558EA7B21F85D8C800C3CC07 /* SecondSpeechViewController.swift */; };
		77EF6E471F889A5F0019A9F5 /* AddUsernameTableViewController.swift in Sources */ = {isa = PBXBuildFile; fileRef = 77EF6E461F889A5F0019A9F5 /* AddUsernameTableViewController.swift */; };
		77EF6E491F889A950019A9F5 /* FriendRequestViewController.swift in Sources */ = {isa = PBXBuildFile; fileRef = 77EF6E481F889A950019A9F5 /* FriendRequestViewController.swift */; };
		77EF6E4C1F889B060019A9F5 /* UserCell.swift in Sources */ = {isa = PBXBuildFile; fileRef = 77EF6E4B1F889B060019A9F5 /* UserCell.swift */; };
		77EF6E4D1F889B1E0019A9F5 /* UserCell.xib in Resources */ = {isa = PBXBuildFile; fileRef = 77EF6E4A1F889B060019A9F5 /* UserCell.xib */; };
		77F2002A1F7CE41600D0F70A /* Error.swift in Sources */ = {isa = PBXBuildFile; fileRef = 77F200291F7CE41600D0F70A /* Error.swift */; };
		77F2002C1F7CE43400D0F70A /* FriendSystem.swift in Sources */ = {isa = PBXBuildFile; fileRef = 77F2002B1F7CE43400D0F70A /* FriendSystem.swift */; };
		77F2002F1F7CE53C00D0F70A /* GoogleService-Info.plist in Resources */ = {isa = PBXBuildFile; fileRef = 77F2002E1F7CE53C00D0F70A /* GoogleService-Info.plist */; };
		77F200311F7CE78F00D0F70A /* FirebaseUser.swift in Sources */ = {isa = PBXBuildFile; fileRef = 77F200301F7CE78F00D0F70A /* FirebaseUser.swift */; };
		8E1305671F6E941D0093B94B /* SignupViewController.swift in Sources */ = {isa = PBXBuildFile; fileRef = 8E1305661F6E941D0093B94B /* SignupViewController.swift */; };
		8E32442E1F76477500E08D26 /* User.swift in Sources */ = {isa = PBXBuildFile; fileRef = 8E32442D1F76477500E08D26 /* User.swift */; };
		8E3244311F764F7500E08D26 /* ProfileTableViewController.swift in Sources */ = {isa = PBXBuildFile; fileRef = 8E3244301F764F7500E08D26 /* ProfileTableViewController.swift */; };
		8E3244341F76597000E08D26 /* TaskHomeViewController.swift in Sources */ = {isa = PBXBuildFile; fileRef = 8E3244331F76597000E08D26 /* TaskHomeViewController.swift */; };
		8E3244361F765A2C00E08D26 /* Task.swift in Sources */ = {isa = PBXBuildFile; fileRef = 8E3244351F765A2C00E08D26 /* Task.swift */; };
		8E3DADD31F7DEB2B00C09680 /* PaddingTextField.swift in Sources */ = {isa = PBXBuildFile; fileRef = 8E3DADD21F7DEB2B00C09680 /* PaddingTextField.swift */; };
		8E4578861F88F9DE00B3CA27 /* VerifyTaskTableViewController.swift in Sources */ = {isa = PBXBuildFile; fileRef = 8E4578851F88F9DE00B3CA27 /* VerifyTaskTableViewController.swift */; };
		8E4578881F89C2B600B3CA27 /* TaskVerifyTableViewController.swift in Sources */ = {isa = PBXBuildFile; fileRef = 8E4578871F89C2B600B3CA27 /* TaskVerifyTableViewController.swift */; };
		8E6394E71F88D941004A607C /* ChooseFriendsTableViewController.swift in Sources */ = {isa = PBXBuildFile; fileRef = 8E6394E61F88D941004A607C /* ChooseFriendsTableViewController.swift */; };
		8E7D9C041F8792E40009C377 /* DatabaseControl.swift in Sources */ = {isa = PBXBuildFile; fileRef = 8E7D9C031F8792E40009C377 /* DatabaseControl.swift */; };
		8E8897631F77F1110016F831 /* AddTaskViewController.swift in Sources */ = {isa = PBXBuildFile; fileRef = 8E8897621F77F1110016F831 /* AddTaskViewController.swift */; };
		8E8897651F77F5C90016F831 /* TaskDetailTableViewController.swift in Sources */ = {isa = PBXBuildFile; fileRef = 8E8897641F77F5C90016F831 /* TaskDetailTableViewController.swift */; };
		8E8897671F78863A0016F831 /* TaskTableViewCell.swift in Sources */ = {isa = PBXBuildFile; fileRef = 8E8897661F78863A0016F831 /* TaskTableViewCell.swift */; };
		8E88976A1F788E450016F831 /* FriendsTableViewController.swift in Sources */ = {isa = PBXBuildFile; fileRef = 8E8897691F788E450016F831 /* FriendsTableViewController.swift */; };
		8EB4E1D71F7F7B2B00671B07 /* Model.xcdatamodeld in Sources */ = {isa = PBXBuildFile; fileRef = 8EB4E1D51F7F7B2B00671B07 /* Model.xcdatamodeld */; };
		8EB4E1FA1F7F7E8F00671B07 /* CoreData.framework in Frameworks */ = {isa = PBXBuildFile; fileRef = 8EB4E1F91F7F7E8F00671B07 /* CoreData.framework */; settings = {ATTRIBUTES = (Required, ); }; };
		8EB8D7A21F7B8A61005FC912 /* DetailProfileTableViewController.swift in Sources */ = {isa = PBXBuildFile; fileRef = 8EB8D7A11F7B8A61005FC912 /* DetailProfileTableViewController.swift */; };
		8ED6E7E91F6E3CD0006FE377 /* ResLogViewController.swift in Sources */ = {isa = PBXBuildFile; fileRef = 8ED6E7E81F6E3CD0006FE377 /* ResLogViewController.swift */; };
		9C35A4B41DE4EF8000650581 /* SafariServices.framework in Frameworks */ = {isa = PBXBuildFile; fileRef = 9C35A4B31DE4EF8000650581 /* SafariServices.framework */; };
		9C35A4B61DE4EF8500650581 /* Security.framework in Frameworks */ = {isa = PBXBuildFile; fileRef = 9C35A4B51DE4EF8500650581 /* Security.framework */; };
		9CA121761DAC7FFD000C2FCA /* WebKit.framework in Frameworks */ = {isa = PBXBuildFile; fileRef = 9CA121751DAC7FFD000C2FCA /* WebKit.framework */; };
		A2BD20971AC8A731007F7181 /* QSTodoDataModel.xcdatamodeld in Sources */ = {isa = PBXBuildFile; fileRef = A2BD20951AC8A731007F7181 /* QSTodoDataModel.xcdatamodeld */; };
		A2D9CBC41943C2540017F096 /* AppDelegate.swift in Sources */ = {isa = PBXBuildFile; fileRef = A2D9CBC31943C2540017F096 /* AppDelegate.swift */; };
		A2D9CBCC1943C2540017F096 /* Main.storyboard in Resources */ = {isa = PBXBuildFile; fileRef = A2D9CBCA1943C2540017F096 /* Main.storyboard */; };
		A2D9CBCE1943C2540017F096 /* Images.xcassets in Resources */ = {isa = PBXBuildFile; fileRef = A2D9CBCD1943C2540017F096 /* Images.xcassets */; };
		A31A89F71BF3FDFA00C7B656 /* Launch Screen.storyboard in Resources */ = {isa = PBXBuildFile; fileRef = A31A89F61BF3FDFA00C7B656 /* Launch Screen.storyboard */; };
		A3BBD77D1C05181600DD0DB0 /* MicrosoftAzureMobile.framework in Frameworks */ = {isa = PBXBuildFile; fileRef = A3BBD77C1C05181600DD0DB0 /* MicrosoftAzureMobile.framework */; };
		EA8CD755FE850D9735B8BEB1 /* Pods_taskhelper.framework in Frameworks */ = {isa = PBXBuildFile; fileRef = 50417009E0CB7D7BB3F6E85B /* Pods_taskhelper.framework */; };
/* End PBXBuildFile section */

/* Begin PBXFileReference section */
		4B3F92DE57C4BDCD1F08E5AD /* Pods-taskhelper.release.xcconfig */ = {isa = PBXFileReference; includeInIndex = 1; lastKnownFileType = text.xcconfig; name = "Pods-taskhelper.release.xcconfig"; path = "Pods/Target Support Files/Pods-taskhelper/Pods-taskhelper.release.xcconfig"; sourceTree = "<group>"; };
		50417009E0CB7D7BB3F6E85B /* Pods_taskhelper.framework */ = {isa = PBXFileReference; explicitFileType = wrapper.framework; includeInIndex = 0; path = Pods_taskhelper.framework; sourceTree = BUILT_PRODUCTS_DIR; };
		558EA7A31F83627400C3CC07 /* PhotoViewController.swift */ = {isa = PBXFileReference; lastKnownFileType = sourcecode.swift; path = PhotoViewController.swift; sourceTree = "<group>"; };
		558EA7A51F83643500C3CC07 /* PopupViewController.swift */ = {isa = PBXFileReference; lastKnownFileType = sourcecode.swift; path = PopupViewController.swift; sourceTree = "<group>"; };
		558EA7A71F836CE300C3CC07 /* CameraViewController.swift */ = {isa = PBXFileReference; lastKnownFileType = sourcecode.swift; name = CameraViewController.swift; path = ../CameraViewController.swift; sourceTree = "<group>"; };
		558EA7A91F83934F00C3CC07 /* VerifyViewController.swift */ = {isa = PBXFileReference; lastKnownFileType = sourcecode.swift; path = VerifyViewController.swift; sourceTree = "<group>"; };
		558EA7AC1F83A07D00C3CC07 /* RecorderViewController.swift */ = {isa = PBXFileReference; lastKnownFileType = sourcecode.swift; path = RecorderViewController.swift; sourceTree = "<group>"; };
		558EA7AE1F83A8DF00C3CC07 /* SecondRecordViewController.swift */ = {isa = PBXFileReference; lastKnownFileType = sourcecode.swift; path = SecondRecordViewController.swift; sourceTree = "<group>"; };
		558EA7B01F85D45700C3CC07 /* SpeechViewController.swift */ = {isa = PBXFileReference; lastKnownFileType = sourcecode.swift; path = SpeechViewController.swift; sourceTree = "<group>"; };
		558EA7B21F85D8C800C3CC07 /* SecondSpeechViewController.swift */ = {isa = PBXFileReference; lastKnownFileType = sourcecode.swift; path = SecondSpeechViewController.swift; sourceTree = "<group>"; };
		77EF6E461F889A5F0019A9F5 /* AddUsernameTableViewController.swift */ = {isa = PBXFileReference; lastKnownFileType = sourcecode.swift; path = AddUsernameTableViewController.swift; sourceTree = "<group>"; };
		77EF6E481F889A950019A9F5 /* FriendRequestViewController.swift */ = {isa = PBXFileReference; lastKnownFileType = sourcecode.swift; path = FriendRequestViewController.swift; sourceTree = "<group>"; };
		77EF6E4A1F889B060019A9F5 /* UserCell.xib */ = {isa = PBXFileReference; lastKnownFileType = file.xib; path = UserCell.xib; sourceTree = "<group>"; };
		77EF6E4B1F889B060019A9F5 /* UserCell.swift */ = {isa = PBXFileReference; lastKnownFileType = sourcecode.swift; path = UserCell.swift; sourceTree = "<group>"; };
		77F200291F7CE41600D0F70A /* Error.swift */ = {isa = PBXFileReference; lastKnownFileType = sourcecode.swift; path = Error.swift; sourceTree = "<group>"; };
		77F2002B1F7CE43400D0F70A /* FriendSystem.swift */ = {isa = PBXFileReference; lastKnownFileType = sourcecode.swift; path = FriendSystem.swift; sourceTree = "<group>"; };
		77F2002E1F7CE53C00D0F70A /* GoogleService-Info.plist */ = {isa = PBXFileReference; fileEncoding = 4; lastKnownFileType = text.plist.xml; path = "GoogleService-Info.plist"; sourceTree = "<group>"; };
		77F200301F7CE78F00D0F70A /* FirebaseUser.swift */ = {isa = PBXFileReference; lastKnownFileType = sourcecode.swift; path = FirebaseUser.swift; sourceTree = "<group>"; };
		8B690D72C84096F22E1A0E6D /* Pods-taskhelper.debug.xcconfig */ = {isa = PBXFileReference; includeInIndex = 1; lastKnownFileType = text.xcconfig; name = "Pods-taskhelper.debug.xcconfig"; path = "Pods/Target Support Files/Pods-taskhelper/Pods-taskhelper.debug.xcconfig"; sourceTree = "<group>"; };
		8E1305661F6E941D0093B94B /* SignupViewController.swift */ = {isa = PBXFileReference; fileEncoding = 4; lastKnownFileType = sourcecode.swift; path = SignupViewController.swift; sourceTree = "<group>"; };
		8E32442D1F76477500E08D26 /* User.swift */ = {isa = PBXFileReference; lastKnownFileType = sourcecode.swift; path = User.swift; sourceTree = "<group>"; };
		8E3244301F764F7500E08D26 /* ProfileTableViewController.swift */ = {isa = PBXFileReference; lastKnownFileType = sourcecode.swift; path = ProfileTableViewController.swift; sourceTree = "<group>"; };
		8E3244331F76597000E08D26 /* TaskHomeViewController.swift */ = {isa = PBXFileReference; lastKnownFileType = sourcecode.swift; path = TaskHomeViewController.swift; sourceTree = "<group>"; };
		8E3244351F765A2C00E08D26 /* Task.swift */ = {isa = PBXFileReference; lastKnownFileType = sourcecode.swift; path = Task.swift; sourceTree = "<group>"; };
		8E3DADD21F7DEB2B00C09680 /* PaddingTextField.swift */ = {isa = PBXFileReference; lastKnownFileType = sourcecode.swift; path = PaddingTextField.swift; sourceTree = "<group>"; };
		8E4578851F88F9DE00B3CA27 /* VerifyTaskTableViewController.swift */ = {isa = PBXFileReference; fileEncoding = 4; lastKnownFileType = sourcecode.swift; path = VerifyTaskTableViewController.swift; sourceTree = "<group>"; };
		8E4578871F89C2B600B3CA27 /* TaskVerifyTableViewController.swift */ = {isa = PBXFileReference; fileEncoding = 4; lastKnownFileType = sourcecode.swift; path = TaskVerifyTableViewController.swift; sourceTree = "<group>"; };
		8E6394E61F88D941004A607C /* ChooseFriendsTableViewController.swift */ = {isa = PBXFileReference; lastKnownFileType = sourcecode.swift; path = ChooseFriendsTableViewController.swift; sourceTree = "<group>"; };
		8E7D9C031F8792E40009C377 /* DatabaseControl.swift */ = {isa = PBXFileReference; fileEncoding = 4; lastKnownFileType = sourcecode.swift; path = DatabaseControl.swift; sourceTree = "<group>"; };
		8E8897621F77F1110016F831 /* AddTaskViewController.swift */ = {isa = PBXFileReference; lastKnownFileType = sourcecode.swift; path = AddTaskViewController.swift; sourceTree = "<group>"; };
		8E8897641F77F5C90016F831 /* TaskDetailTableViewController.swift */ = {isa = PBXFileReference; lastKnownFileType = sourcecode.swift; path = TaskDetailTableViewController.swift; sourceTree = "<group>"; };
		8E8897661F78863A0016F831 /* TaskTableViewCell.swift */ = {isa = PBXFileReference; lastKnownFileType = sourcecode.swift; path = TaskTableViewCell.swift; sourceTree = "<group>"; };
		8E8897691F788E450016F831 /* FriendsTableViewController.swift */ = {isa = PBXFileReference; lastKnownFileType = sourcecode.swift; path = FriendsTableViewController.swift; sourceTree = "<group>"; };
		8EB4E1D61F7F7B2B00671B07 /* Model.xcdatamodel */ = {isa = PBXFileReference; lastKnownFileType = wrapper.xcdatamodel; path = Model.xcdatamodel; sourceTree = "<group>"; };
		8EB4E1F91F7F7E8F00671B07 /* CoreData.framework */ = {isa = PBXFileReference; lastKnownFileType = wrapper.framework; name = CoreData.framework; path = System/Library/Frameworks/CoreData.framework; sourceTree = SDKROOT; };
		8EB8D7A11F7B8A61005FC912 /* DetailProfileTableViewController.swift */ = {isa = PBXFileReference; lastKnownFileType = sourcecode.swift; path = DetailProfileTableViewController.swift; sourceTree = "<group>"; };
		8ED6E7E81F6E3CD0006FE377 /* ResLogViewController.swift */ = {isa = PBXFileReference; fileEncoding = 4; lastKnownFileType = sourcecode.swift; path = ResLogViewController.swift; sourceTree = "<group>"; };
		9C35A4B31DE4EF8000650581 /* SafariServices.framework */ = {isa = PBXFileReference; lastKnownFileType = wrapper.framework; name = SafariServices.framework; path = System/Library/Frameworks/SafariServices.framework; sourceTree = SDKROOT; };
		9C35A4B51DE4EF8500650581 /* Security.framework */ = {isa = PBXFileReference; lastKnownFileType = wrapper.framework; name = Security.framework; path = System/Library/Frameworks/Security.framework; sourceTree = SDKROOT; };
		9CA121751DAC7FFD000C2FCA /* WebKit.framework */ = {isa = PBXFileReference; lastKnownFileType = wrapper.framework; name = WebKit.framework; path = System/Library/Frameworks/WebKit.framework; sourceTree = SDKROOT; };
		A2BD20961AC8A731007F7181 /* QSTodoDataModel.xcdatamodel */ = {isa = PBXFileReference; lastKnownFileType = wrapper.xcdatamodel; path = QSTodoDataModel.xcdatamodel; sourceTree = "<group>"; };
		A2D9CBBE1943C2540017F096 /* taskhelper.app */ = {isa = PBXFileReference; explicitFileType = wrapper.application; includeInIndex = 0; path = taskhelper.app; sourceTree = BUILT_PRODUCTS_DIR; };
		A2D9CBC21943C2540017F096 /* Info.plist */ = {isa = PBXFileReference; lastKnownFileType = text.plist.xml; path = Info.plist; sourceTree = "<group>"; };
		A2D9CBC31943C2540017F096 /* AppDelegate.swift */ = {isa = PBXFileReference; lastKnownFileType = sourcecode.swift; path = AppDelegate.swift; sourceTree = "<group>"; };
		A2D9CBCB1943C2540017F096 /* Base */ = {isa = PBXFileReference; lastKnownFileType = file.storyboard; name = Base; path = Base.lproj/Main.storyboard; sourceTree = "<group>"; };
		A2D9CBCD1943C2540017F096 /* Images.xcassets */ = {isa = PBXFileReference; lastKnownFileType = folder.assetcatalog; path = Images.xcassets; sourceTree = "<group>"; };
		A2D9CBE81943D1340017F096 /* taskhelper-Bridging-Header.h */ = {isa = PBXFileReference; lastKnownFileType = sourcecode.c.h; path = "taskhelper-Bridging-Header.h"; sourceTree = "<group>"; };
		A31A89F61BF3FDFA00C7B656 /* Launch Screen.storyboard */ = {isa = PBXFileReference; fileEncoding = 4; lastKnownFileType = file.storyboard; path = "Launch Screen.storyboard"; sourceTree = "<group>"; };
		A3BBD77C1C05181600DD0DB0 /* MicrosoftAzureMobile.framework */ = {isa = PBXFileReference; lastKnownFileType = wrapper.framework; path = MicrosoftAzureMobile.framework; sourceTree = "<group>"; };
/* End PBXFileReference section */

/* Begin PBXFrameworksBuildPhase section */
		A2D9CBBB1943C2540017F096 /* Frameworks */ = {
			isa = PBXFrameworksBuildPhase;
			buildActionMask = 2147483647;
			files = (
				8EB4E1FA1F7F7E8F00671B07 /* CoreData.framework in Frameworks */,
				9C35A4B61DE4EF8500650581 /* Security.framework in Frameworks */,
				9C35A4B41DE4EF8000650581 /* SafariServices.framework in Frameworks */,
				9CA121761DAC7FFD000C2FCA /* WebKit.framework in Frameworks */,
				A3BBD77D1C05181600DD0DB0 /* MicrosoftAzureMobile.framework in Frameworks */,
				EA8CD755FE850D9735B8BEB1 /* Pods_taskhelper.framework in Frameworks */,
			);
			runOnlyForDeploymentPostprocessing = 0;
		};
/* End PBXFrameworksBuildPhase section */

/* Begin PBXGroup section */
		55780BC81F83508400692F7B /* faceIdentification */ = {
			isa = PBXGroup;
			children = (
				558EA7A71F836CE300C3CC07 /* CameraViewController.swift */,
				558EA7A31F83627400C3CC07 /* PhotoViewController.swift */,
				558EA7A51F83643500C3CC07 /* PopupViewController.swift */,
				558EA7A91F83934F00C3CC07 /* VerifyViewController.swift */,
			);
			name = faceIdentification;
			path = "New Group";
			sourceTree = "<group>";
		};
		558EA7AB1F839FE900C3CC07 /* speechIdentification */ = {
			isa = PBXGroup;
			children = (
				558EA7AC1F83A07D00C3CC07 /* RecorderViewController.swift */,
				558EA7AE1F83A8DF00C3CC07 /* SecondRecordViewController.swift */,
				558EA7B01F85D45700C3CC07 /* SpeechViewController.swift */,
				558EA7B21F85D8C800C3CC07 /* SecondSpeechViewController.swift */,
			);
			name = speechIdentification;
			sourceTree = "<group>";
		};
		886674DC2BAA2B01FE3D7CFE /* Pods */ = {
			isa = PBXGroup;
			children = (
				8B690D72C84096F22E1A0E6D /* Pods-taskhelper.debug.xcconfig */,
				4B3F92DE57C4BDCD1F08E5AD /* Pods-taskhelper.release.xcconfig */,
			);
			name = Pods;
			sourceTree = "<group>";
		};
		8E32442F1F764F4D00E08D26 /* Profile */ = {
			isa = PBXGroup;
			children = (
				8E3244301F764F7500E08D26 /* ProfileTableViewController.swift */,
				8EB8D7A11F7B8A61005FC912 /* DetailProfileTableViewController.swift */,
			);
			name = Profile;
			sourceTree = "<group>";
		};
		8E3244321F76567600E08D26 /* Task */ = {
			isa = PBXGroup;
			children = (
				8E3244331F76597000E08D26 /* TaskHomeViewController.swift */,
				8E8897621F77F1110016F831 /* AddTaskViewController.swift */,
				8E8897641F77F5C90016F831 /* TaskDetailTableViewController.swift */,
				8E8897661F78863A0016F831 /* TaskTableViewCell.swift */,
				8E4578851F88F9DE00B3CA27 /* VerifyTaskTableViewController.swift */,
				8E4578871F89C2B600B3CA27 /* TaskVerifyTableViewController.swift */,
			);
			name = Task;
			sourceTree = "<group>";
		};
		8E3244371F767AF600E08D26 /* Firebase */ = {
			isa = PBXGroup;
			children = (
				77F200291F7CE41600D0F70A /* Error.swift */,
				77F2002B1F7CE43400D0F70A /* FriendSystem.swift */,
				77F200301F7CE78F00D0F70A /* FirebaseUser.swift */,
				8E7D9C031F8792E40009C377 /* DatabaseControl.swift */,
			);
			name = Firebase;
			sourceTree = "<group>";
		};
		8E8897681F788E220016F831 /* Friends */ = {
			isa = PBXGroup;
			children = (
				8E8897691F788E450016F831 /* FriendsTableViewController.swift */,
				77EF6E461F889A5F0019A9F5 /* AddUsernameTableViewController.swift */,
				77EF6E481F889A950019A9F5 /* FriendRequestViewController.swift */,
				8E6394E61F88D941004A607C /* ChooseFriendsTableViewController.swift */,
			);
			name = Friends;
			sourceTree = "<group>";
		};
		8ED6E7E71F6E3C6F006FE377 /* ResLog */ = {
			isa = PBXGroup;
			children = (
				8ED6E7E81F6E3CD0006FE377 /* ResLogViewController.swift */,
				8E1305661F6E941D0093B94B /* SignupViewController.swift */,
				8E3DADD21F7DEB2B00C09680 /* PaddingTextField.swift */,
			);
			name = ResLog;
			sourceTree = "<group>";
		};
		9CA121741DAC7FFD000C2FCA /* Frameworks */ = {
			isa = PBXGroup;
			children = (
				8EB4E1F91F7F7E8F00671B07 /* CoreData.framework */,
				9C35A4B51DE4EF8500650581 /* Security.framework */,
				9C35A4B31DE4EF8000650581 /* SafariServices.framework */,
				9CA121751DAC7FFD000C2FCA /* WebKit.framework */,
				50417009E0CB7D7BB3F6E85B /* Pods_taskhelper.framework */,
			);
			name = Frameworks;
			sourceTree = "<group>";
		};
		A2D9CBB51943C2540017F096 = {
			isa = PBXGroup;
			children = (
				A2D9CBC01943C2540017F096 /* taskhelper */,
				A2D9CBBF1943C2540017F096 /* Products */,
				9CA121741DAC7FFD000C2FCA /* Frameworks */,
				886674DC2BAA2B01FE3D7CFE /* Pods */,
			);
			sourceTree = "<group>";
		};
		A2D9CBBF1943C2540017F096 /* Products */ = {
			isa = PBXGroup;
			children = (
				A2D9CBBE1943C2540017F096 /* taskhelper.app */,
			);
			name = Products;
			sourceTree = "<group>";
		};
		A2D9CBC01943C2540017F096 /* taskhelper */ = {
			isa = PBXGroup;
			children = (
				558EA7AB1F839FE900C3CC07 /* speechIdentification */,
				55780BC81F83508400692F7B /* faceIdentification */,
				8E8897681F788E220016F831 /* Friends */,
				8E3244371F767AF600E08D26 /* Firebase */,
				8E3244321F76567600E08D26 /* Task */,
				8E32442F1F764F4D00E08D26 /* Profile */,
				8ED6E7E71F6E3C6F006FE377 /* ResLog */,
				8EB4E1D51F7F7B2B00671B07 /* Model.xcdatamodeld */,
				A2BD20951AC8A731007F7181 /* QSTodoDataModel.xcdatamodeld */,
				A2D9CBC31943C2540017F096 /* AppDelegate.swift */,
				A2D9CBCA1943C2540017F096 /* Main.storyboard */,
				A2D9CBCD1943C2540017F096 /* Images.xcassets */,
				A2D9CBC11943C2540017F096 /* Supporting Files */,
				A2D9CBE51943CB520017F096 /* frameworks */,
				A2D9CBE81943D1340017F096 /* taskhelper-Bridging-Header.h */,
				A31A89F61BF3FDFA00C7B656 /* Launch Screen.storyboard */,
				8E32442D1F76477500E08D26 /* User.swift */,
				77EF6E4B1F889B060019A9F5 /* UserCell.swift */,
				77EF6E4A1F889B060019A9F5 /* UserCell.xib */,
				8E3244351F765A2C00E08D26 /* Task.swift */,
			);
			path = taskhelper;
			sourceTree = "<group>";
		};
		A2D9CBC11943C2540017F096 /* Supporting Files */ = {
			isa = PBXGroup;
			children = (
				77F2002E1F7CE53C00D0F70A /* GoogleService-Info.plist */,
				A2D9CBC21943C2540017F096 /* Info.plist */,
			);
			name = "Supporting Files";
			sourceTree = "<group>";
		};
		A2D9CBE51943CB520017F096 /* frameworks */ = {
			isa = PBXGroup;
			children = (
				A3BBD77C1C05181600DD0DB0 /* MicrosoftAzureMobile.framework */,
			);
			name = frameworks;
			path = ..;
			sourceTree = "<group>";
		};
/* End PBXGroup section */

/* Begin PBXNativeTarget section */
		A2D9CBBD1943C2540017F096 /* taskhelper */ = {
			isa = PBXNativeTarget;
			buildConfigurationList = A2D9CBDD1943C2540017F096 /* Build configuration list for PBXNativeTarget "taskhelper" */;
			buildPhases = (
				9CA875A2FDE822917D1309BA /* [CP] Check Pods Manifest.lock */,
				A2D9CBBA1943C2540017F096 /* Sources */,
				A2D9CBBB1943C2540017F096 /* Frameworks */,
				A2D9CBBC1943C2540017F096 /* Resources */,
				DEBD71155775927CA7B4159F /* [CP] Embed Pods Frameworks */,
				F0B2FC9790BA4E2F24F5B8F4 /* [CP] Copy Pods Resources */,
			);
			buildRules = (
			);
			dependencies = (
			);
			name = taskhelper;
			productName = taskhelper;
			productReference = A2D9CBBE1943C2540017F096 /* taskhelper.app */;
			productType = "com.apple.product-type.application";
		};
/* End PBXNativeTarget section */

/* Begin PBXProject section */
		A2D9CBB61943C2540017F096 /* Project object */ = {
			isa = PBXProject;
			attributes = {
				LastSwiftMigration = 0700;
				LastSwiftUpdateCheck = 0700;
				LastUpgradeCheck = 0830;
				ORGANIZATIONNAME = Microsoft;
				TargetAttributes = {
					A2D9CBBD1943C2540017F096 = {
						CreatedOnToolsVersion = 6.0;
						DevelopmentTeam = NVQ84G9K8U;
						LastSwiftMigration = 0820;
					};
				};
			};
			buildConfigurationList = A2D9CBB91943C2540017F096 /* Build configuration list for PBXProject "taskhelper" */;
			compatibilityVersion = "Xcode 3.2";
			developmentRegion = English;
			hasScannedForEncodings = 0;
			knownRegions = (
				en,
				Base,
			);
			mainGroup = A2D9CBB51943C2540017F096;
			productRefGroup = A2D9CBBF1943C2540017F096 /* Products */;
			projectDirPath = "";
			projectRoot = "";
			targets = (
				A2D9CBBD1943C2540017F096 /* taskhelper */,
			);
		};
/* End PBXProject section */

/* Begin PBXResourcesBuildPhase section */
		A2D9CBBC1943C2540017F096 /* Resources */ = {
			isa = PBXResourcesBuildPhase;
			buildActionMask = 2147483647;
			files = (
				A2D9CBCC1943C2540017F096 /* Main.storyboard in Resources */,
				77F2002F1F7CE53C00D0F70A /* GoogleService-Info.plist in Resources */,
				A2D9CBCE1943C2540017F096 /* Images.xcassets in Resources */,
				A31A89F71BF3FDFA00C7B656 /* Launch Screen.storyboard in Resources */,
				77EF6E4D1F889B1E0019A9F5 /* UserCell.xib in Resources */,
			);
			runOnlyForDeploymentPostprocessing = 0;
		};
/* End PBXResourcesBuildPhase section */

/* Begin PBXShellScriptBuildPhase section */
		9CA875A2FDE822917D1309BA /* [CP] Check Pods Manifest.lock */ = {
			isa = PBXShellScriptBuildPhase;
			buildActionMask = 2147483647;
			files = (
			);
			inputPaths = (
				"${PODS_PODFILE_DIR_PATH}/Podfile.lock",
				"${PODS_ROOT}/Manifest.lock",
			);
			name = "[CP] Check Pods Manifest.lock";
			outputPaths = (
				"$(DERIVED_FILE_DIR)/Pods-taskhelper-checkManifestLockResult.txt",
			);
			runOnlyForDeploymentPostprocessing = 0;
			shellPath = /bin/sh;
			shellScript = "diff \"${PODS_PODFILE_DIR_PATH}/Podfile.lock\" \"${PODS_ROOT}/Manifest.lock\" > /dev/null\nif [ $? != 0 ] ; then\n    # print error to STDERR\n    echo \"error: The sandbox is not in sync with the Podfile.lock. Run 'pod install' or update your CocoaPods installation.\" >&2\n    exit 1\nfi\n# This output is used by Xcode 'outputs' to avoid re-running this script phase.\necho \"SUCCESS\" > \"${SCRIPT_OUTPUT_FILE_0}\"\n";
			showEnvVarsInLog = 0;
		};
		DEBD71155775927CA7B4159F /* [CP] Embed Pods Frameworks */ = {
			isa = PBXShellScriptBuildPhase;
			buildActionMask = 2147483647;
			files = (
			);
			inputPaths = (
				"${SRCROOT}/Pods/Target Support Files/Pods-taskhelper/Pods-taskhelper-frameworks.sh",
				"${BUILT_PRODUCTS_DIR}/AZSClient/AZSClient.framework",
				"${BUILT_PRODUCTS_DIR}/GTMSessionFetcher/GTMSessionFetcher.framework",
				"${BUILT_PRODUCTS_DIR}/GoogleToolboxForMac/GoogleToolboxForMac.framework",
				"${BUILT_PRODUCTS_DIR}/MicrosoftAzureMobile/MicrosoftAzureMobile.framework",
				"${BUILT_PRODUCTS_DIR}/ProjectOxfordFace/ProjectOxfordFace.framework",
				"${BUILT_PRODUCTS_DIR}/Protobuf/Protobuf.framework",
				"${BUILT_PRODUCTS_DIR}/leveldb-library/leveldb.framework",
				"${BUILT_PRODUCTS_DIR}/nanopb/nanopb.framework",
			);
			name = "[CP] Embed Pods Frameworks";
			outputPaths = (
				"${TARGET_BUILD_DIR}/${FRAMEWORKS_FOLDER_PATH}/AZSClient.framework",
				"${TARGET_BUILD_DIR}/${FRAMEWORKS_FOLDER_PATH}/GTMSessionFetcher.framework",
				"${TARGET_BUILD_DIR}/${FRAMEWORKS_FOLDER_PATH}/GoogleToolboxForMac.framework",
				"${TARGET_BUILD_DIR}/${FRAMEWORKS_FOLDER_PATH}/MicrosoftAzureMobile.framework",
				"${TARGET_BUILD_DIR}/${FRAMEWORKS_FOLDER_PATH}/ProjectOxfordFace.framework",
				"${TARGET_BUILD_DIR}/${FRAMEWORKS_FOLDER_PATH}/Protobuf.framework",
				"${TARGET_BUILD_DIR}/${FRAMEWORKS_FOLDER_PATH}/leveldb.framework",
				"${TARGET_BUILD_DIR}/${FRAMEWORKS_FOLDER_PATH}/nanopb.framework",
			);
			runOnlyForDeploymentPostprocessing = 0;
			shellPath = /bin/sh;
			shellScript = "\"${SRCROOT}/Pods/Target Support Files/Pods-taskhelper/Pods-taskhelper-frameworks.sh\"\n";
			showEnvVarsInLog = 0;
		};
		F0B2FC9790BA4E2F24F5B8F4 /* [CP] Copy Pods Resources */ = {
			isa = PBXShellScriptBuildPhase;
			buildActionMask = 2147483647;
			files = (
			);
			inputPaths = (
			);
			name = "[CP] Copy Pods Resources";
			outputPaths = (
			);
			runOnlyForDeploymentPostprocessing = 0;
			shellPath = /bin/sh;
			shellScript = "\"${SRCROOT}/Pods/Target Support Files/Pods-taskhelper/Pods-taskhelper-resources.sh\"\n";
			showEnvVarsInLog = 0;
		};
/* End PBXShellScriptBuildPhase section */

/* Begin PBXSourcesBuildPhase section */
		A2D9CBBA1943C2540017F096 /* Sources */ = {
			isa = PBXSourcesBuildPhase;
			buildActionMask = 2147483647;
			files = (
				8E8897671F78863A0016F831 /* TaskTableViewCell.swift in Sources */,
				77F200311F7CE78F00D0F70A /* FirebaseUser.swift in Sources */,
				558EA7B31F85D8C800C3CC07 /* SecondSpeechViewController.swift in Sources */,
				558EA7AF1F83A8DF00C3CC07 /* SecondRecordViewController.swift in Sources */,
				8E3244311F764F7500E08D26 /* ProfileTableViewController.swift in Sources */,
				8E8897631F77F1110016F831 /* AddTaskViewController.swift in Sources */,
				8E3244341F76597000E08D26 /* TaskHomeViewController.swift in Sources */,
				8E1305671F6E941D0093B94B /* SignupViewController.swift in Sources */,
				77EF6E4C1F889B060019A9F5 /* UserCell.swift in Sources */,
				8E3244361F765A2C00E08D26 /* Task.swift in Sources */,
				8ED6E7E91F6E3CD0006FE377 /* ResLogViewController.swift in Sources */,
				77F2002A1F7CE41600D0F70A /* Error.swift in Sources */,
				558EA7A41F83627400C3CC07 /* PhotoViewController.swift in Sources */,
				558EA7B11F85D45700C3CC07 /* SpeechViewController.swift in Sources */,
				8E32442E1F76477500E08D26 /* User.swift in Sources */,
				558EA7A81F836CE300C3CC07 /* CameraViewController.swift in Sources */,
				8E8897651F77F5C90016F831 /* TaskDetailTableViewController.swift in Sources */,
				558EA7AD1F83A07D00C3CC07 /* RecorderViewController.swift in Sources */,
				A2BD20971AC8A731007F7181 /* QSTodoDataModel.xcdatamodeld in Sources */,
				8E3DADD31F7DEB2B00C09680 /* PaddingTextField.swift in Sources */,
				77EF6E491F889A950019A9F5 /* FriendRequestViewController.swift in Sources */,
				8E4578861F88F9DE00B3CA27 /* VerifyTaskTableViewController.swift in Sources */,
				8EB8D7A21F7B8A61005FC912 /* DetailProfileTableViewController.swift in Sources */,
				8E4578881F89C2B600B3CA27 /* TaskVerifyTableViewController.swift in Sources */,
				A2D9CBC41943C2540017F096 /* AppDelegate.swift in Sources */,
				77F2002C1F7CE43400D0F70A /* FriendSystem.swift in Sources */,
				8E7D9C041F8792E40009C377 /* DatabaseControl.swift in Sources */,
				8EB4E1D71F7F7B2B00671B07 /* Model.xcdatamodeld in Sources */,
				558EA7AA1F83934F00C3CC07 /* VerifyViewController.swift in Sources */,
				8E88976A1F788E450016F831 /* FriendsTableViewController.swift in Sources */,
				8E6394E71F88D941004A607C /* ChooseFriendsTableViewController.swift in Sources */,
				558EA7A61F83643500C3CC07 /* PopupViewController.swift in Sources */,
				77EF6E471F889A5F0019A9F5 /* AddUsernameTableViewController.swift in Sources */,
			);
			runOnlyForDeploymentPostprocessing = 0;
		};
/* End PBXSourcesBuildPhase section */

/* Begin PBXVariantGroup section */
		A2D9CBCA1943C2540017F096 /* Main.storyboard */ = {
			isa = PBXVariantGroup;
			children = (
				A2D9CBCB1943C2540017F096 /* Base */,
			);
			name = Main.storyboard;
			sourceTree = "<group>";
		};
/* End PBXVariantGroup section */

/* Begin XCBuildConfiguration section */
		A2D9CBDB1943C2540017F096 /* Debug */ = {
			isa = XCBuildConfiguration;
			buildSettings = {
				ALWAYS_SEARCH_USER_PATHS = NO;
				CLANG_CXX_LANGUAGE_STANDARD = "gnu++0x";
				CLANG_CXX_LIBRARY = "libc++";
				CLANG_ENABLE_MODULES = YES;
				CLANG_ENABLE_OBJC_ARC = YES;
				CLANG_WARN_BOOL_CONVERSION = YES;
				CLANG_WARN_CONSTANT_CONVERSION = YES;
				CLANG_WARN_DIRECT_OBJC_ISA_USAGE = YES_ERROR;
				CLANG_WARN_EMPTY_BODY = YES;
				CLANG_WARN_ENUM_CONVERSION = YES;
				CLANG_WARN_INFINITE_RECURSION = YES;
				CLANG_WARN_INT_CONVERSION = YES;
				CLANG_WARN_OBJC_ROOT_CLASS = YES_ERROR;
				CLANG_WARN_SUSPICIOUS_MOVE = YES;
				CLANG_WARN_UNREACHABLE_CODE = YES;
				CLANG_WARN__DUPLICATE_METHOD_MATCH = YES;
				"CODE_SIGN_IDENTITY[sdk=iphoneos*]" = "iPhone Developer";
				COPY_PHASE_STRIP = NO;
				DEBUG_INFORMATION_FORMAT = dwarf;
				ENABLE_STRICT_OBJC_MSGSEND = YES;
				ENABLE_TESTABILITY = YES;
				GCC_C_LANGUAGE_STANDARD = gnu99;
				GCC_DYNAMIC_NO_PIC = NO;
				GCC_NO_COMMON_BLOCKS = YES;
				GCC_OPTIMIZATION_LEVEL = 0;
				GCC_PREPROCESSOR_DEFINITIONS = (
					"DEBUG=1",
					"$(inherited)",
				);
				GCC_SYMBOLS_PRIVATE_EXTERN = NO;
				GCC_WARN_64_TO_32_BIT_CONVERSION = YES;
				GCC_WARN_ABOUT_RETURN_TYPE = YES_ERROR;
				GCC_WARN_UNDECLARED_SELECTOR = YES;
				GCC_WARN_UNINITIALIZED_AUTOS = YES_AGGRESSIVE;
				GCC_WARN_UNUSED_FUNCTION = YES;
				GCC_WARN_UNUSED_VARIABLE = YES;
				IPHONEOS_DEPLOYMENT_TARGET = 11.0;
				METAL_ENABLE_DEBUG_INFO = YES;
				ONLY_ACTIVE_ARCH = YES;
				SDKROOT = iphoneos;
				SWIFT_OPTIMIZATION_LEVEL = "-Onone";
				SWIFT_VERSION = "";
				TARGETED_DEVICE_FAMILY = "1,2";
			};
			name = Debug;
		};
		A2D9CBDC1943C2540017F096 /* Release */ = {
			isa = XCBuildConfiguration;
			buildSettings = {
				ALWAYS_SEARCH_USER_PATHS = NO;
				CLANG_CXX_LANGUAGE_STANDARD = "gnu++0x";
				CLANG_CXX_LIBRARY = "libc++";
				CLANG_ENABLE_MODULES = YES;
				CLANG_ENABLE_OBJC_ARC = YES;
				CLANG_WARN_BOOL_CONVERSION = YES;
				CLANG_WARN_CONSTANT_CONVERSION = YES;
				CLANG_WARN_DIRECT_OBJC_ISA_USAGE = YES_ERROR;
				CLANG_WARN_EMPTY_BODY = YES;
				CLANG_WARN_ENUM_CONVERSION = YES;
				CLANG_WARN_INFINITE_RECURSION = YES;
				CLANG_WARN_INT_CONVERSION = YES;
				CLANG_WARN_OBJC_ROOT_CLASS = YES_ERROR;
				CLANG_WARN_SUSPICIOUS_MOVE = YES;
				CLANG_WARN_UNREACHABLE_CODE = YES;
				CLANG_WARN__DUPLICATE_METHOD_MATCH = YES;
				"CODE_SIGN_IDENTITY[sdk=iphoneos*]" = "iPhone Developer";
				COPY_PHASE_STRIP = YES;
				ENABLE_NS_ASSERTIONS = NO;
				ENABLE_STRICT_OBJC_MSGSEND = YES;
				GCC_C_LANGUAGE_STANDARD = gnu99;
				GCC_NO_COMMON_BLOCKS = YES;
				GCC_WARN_64_TO_32_BIT_CONVERSION = YES;
				GCC_WARN_ABOUT_RETURN_TYPE = YES_ERROR;
				GCC_WARN_UNDECLARED_SELECTOR = YES;
				GCC_WARN_UNINITIALIZED_AUTOS = YES_AGGRESSIVE;
				GCC_WARN_UNUSED_FUNCTION = YES;
				GCC_WARN_UNUSED_VARIABLE = YES;
				IPHONEOS_DEPLOYMENT_TARGET = 11.0;
				METAL_ENABLE_DEBUG_INFO = NO;
				SDKROOT = iphoneos;
				SWIFT_OPTIMIZATION_LEVEL = "-Owholemodule";
				SWIFT_VERSION = "";
				TARGETED_DEVICE_FAMILY = "1,2";
				VALIDATE_PRODUCT = YES;
			};
			name = Release;
		};
		A2D9CBDE1943C2540017F096 /* Debug */ = {
			isa = XCBuildConfiguration;
			baseConfigurationReference = 8B690D72C84096F22E1A0E6D /* Pods-taskhelper.debug.xcconfig */;
			buildSettings = {
				ASSETCATALOG_COMPILER_APPICON_NAME = AppIcon;
				CLANG_ENABLE_MODULES = YES;
				DEBUG_INFORMATION_FORMAT = dwarf;
				DEVELOPMENT_TEAM = NVQ84G9K8U;
				ENABLE_BITCODE = YES;
				FRAMEWORK_SEARCH_PATHS = (
					"$(inherited)",
					"$(PROJECT_DIR)",
				);
				INFOPLIST_FILE = taskhelper/Info.plist;
				IPHONEOS_DEPLOYMENT_TARGET = 10.0;
				LD_RUNPATH_SEARCH_PATHS = "$(inherited) @executable_path/Frameworks";
				PRODUCT_BUNDLE_IDENTIFIER = Microsoft.taskhelper;
				PRODUCT_NAME = "$(TARGET_NAME)";
				SWIFT_OBJC_BRIDGING_HEADER = "taskhelper/taskhelper-Bridging-Header.h";
				SWIFT_OPTIMIZATION_LEVEL = "-Onone";
				SWIFT_VERSION = 3.0;
			};
			name = Debug;
		};
		A2D9CBDF1943C2540017F096 /* Release */ = {
			isa = XCBuildConfiguration;
			baseConfigurationReference = 4B3F92DE57C4BDCD1F08E5AD /* Pods-taskhelper.release.xcconfig */;
			buildSettings = {
				ASSETCATALOG_COMPILER_APPICON_NAME = AppIcon;
				CLANG_ENABLE_MODULES = YES;
				DEVELOPMENT_TEAM = NVQ84G9K8U;
				ENABLE_BITCODE = YES;
				FRAMEWORK_SEARCH_PATHS = (
					"$(inherited)",
					"$(PROJECT_DIR)",
				);
				INFOPLIST_FILE = taskhelper/Info.plist;
				IPHONEOS_DEPLOYMENT_TARGET = 10.0;
				LD_RUNPATH_SEARCH_PATHS = "$(inherited) @executable_path/Frameworks";
				PRODUCT_BUNDLE_IDENTIFIER = Microsoft.taskhelper;
				PRODUCT_NAME = "$(TARGET_NAME)";
				SWIFT_OBJC_BRIDGING_HEADER = "taskhelper/taskhelper-Bridging-Header.h";
				SWIFT_VERSION = 3.0;
			};
			name = Release;
		};
/* End XCBuildConfiguration section */

/* Begin XCConfigurationList section */
		A2D9CBB91943C2540017F096 /* Build configuration list for PBXProject "taskhelper" */ = {
			isa = XCConfigurationList;
			buildConfigurations = (
				A2D9CBDB1943C2540017F096 /* Debug */,
				A2D9CBDC1943C2540017F096 /* Release */,
			);
			defaultConfigurationIsVisible = 0;
			defaultConfigurationName = Release;
		};
		A2D9CBDD1943C2540017F096 /* Build configuration list for PBXNativeTarget "taskhelper" */ = {
			isa = XCConfigurationList;
			buildConfigurations = (
				A2D9CBDE1943C2540017F096 /* Debug */,
				A2D9CBDF1943C2540017F096 /* Release */,
			);
			defaultConfigurationIsVisible = 0;
			defaultConfigurationName = Release;
		};
/* End XCConfigurationList section */

/* Begin XCVersionGroup section */
		8EB4E1D51F7F7B2B00671B07 /* Model.xcdatamodeld */ = {
			isa = XCVersionGroup;
			children = (
				8EB4E1D61F7F7B2B00671B07 /* Model.xcdatamodel */,
			);
			currentVersion = 8EB4E1D61F7F7B2B00671B07 /* Model.xcdatamodel */;
			path = Model.xcdatamodeld;
			sourceTree = "<group>";
			versionGroupType = wrapper.xcdatamodel;
		};
		A2BD20951AC8A731007F7181 /* QSTodoDataModel.xcdatamodeld */ = {
			isa = XCVersionGroup;
			children = (
				A2BD20961AC8A731007F7181 /* QSTodoDataModel.xcdatamodel */,
			);
			currentVersion = A2BD20961AC8A731007F7181 /* QSTodoDataModel.xcdatamodel */;
			path = QSTodoDataModel.xcdatamodeld;
			sourceTree = "<group>";
			versionGroupType = wrapper.xcdatamodel;
		};
/* End XCVersionGroup section */
	};
	rootObject = A2D9CBB61943C2540017F096 /* Project object */;
}
